
Microsoft Visual Studio Solution File, Format Version 12.00
# Visual Studio Express 2013 for Web
VisualStudioVersion = 12.0.30723.0
MinimumVisualStudioVersion = 10.0.40219.1
Project("{FAE04EC0-301F-11D3-BF4B-00C04F79EFBC}") = "WebApplication1", "WebApplication1\WebApplication1.csproj", "{3EA603B0-A09A-4710-91E9-ED3E87E55F8C}"
EndProject
Project("{2150E333-8FDC-42A3-9474-1A3956D46DE8}") = "PublishScripts", "PublishScripts", "{3ECB450E-5C50-4860-A980-C47A9908CA7F}"
	ProjectSection(SolutionItems) = preProject
		PublishScripts\AzureWebsitePublishModule.psm1 = PublishScripts\AzureWebsitePublishModule.psm1
		PublishScripts\Publish-WebApplicationWebsite.ps1 = PublishScripts\Publish-WebApplicationWebsite.ps1
	EndProjectSection
EndProject
Project("{2150E333-8FDC-42A3-9474-1A3956D46DE8}") = "Configurations", "Configurations", "{499EC0F7-7299-4ED6-8ECE-E93DB1457A64}"
	ProjectSection(SolutionItems) = preProject
		PublishScripts\Configurations\WebApplication1-WAWS-dev.json = PublishScripts\Configurations\WebApplication1-WAWS-dev.json
	EndProjectSection
EndProject
Global
	GlobalSection(SolutionConfigurationPlatforms) = preSolution
		Debug|Any CPU = Debug|Any CPU
		Release|Any CPU = Release|Any CPU
	EndGlobalSection
	GlobalSection(ProjectConfigurationPlatforms) = postSolution
		{3EA603B0-A09A-4710-91E9-ED3E87E55F8C}.Debug|Any CPU.ActiveCfg = Debug|Any CPU
		{3EA603B0-A09A-4710-91E9-ED3E87E55F8C}.Debug|Any CPU.Build.0 = Debug|Any CPU
		{3EA603B0-A09A-4710-91E9-ED3E87E55F8C}.Release|Any CPU.ActiveCfg = Release|Any CPU
		{3EA603B0-A09A-4710-91E9-ED3E87E55F8C}.Release|Any CPU.Build.0 = Release|Any CPU
	EndGlobalSection
	GlobalSection(SolutionProperties) = preSolution
		HideSolutionNode = FALSE
	EndGlobalSection
	GlobalSection(NestedProjects) = preSolution
		{499EC0F7-7299-4ED6-8ECE-E93DB1457A64} = {3ECB450E-5C50-4860-A980-C47A9908CA7F}
	EndGlobalSection
EndGlobal
